{
  "version": 4,
  "terraform_version": "1.9.3",
  "serial": 5,
  "lineage": "67424f6e-f94e-cc46-44f0-70ed654fad92",
  "outputs": {},
  "resources": [
    {
      "mode": "managed",
      "type": "yandex_iam_service_account",
      "name": "sa",
      "provider": "provider[\"registry.terraform.io/yandex-cloud/yandex\"]",
      "instances": [
        {
          "schema_version": 0,
          "attributes": {
            "created_at": "2024-08-06T20:14:36Z",
            "description": "",
            "folder_id": "b1ggvhbs15psoc1vgtkc",
            "id": "aje1554c88g49stigtok",
            "name": "s3-acc",
            "timeouts": null
          },
          "sensitive_attributes": [],
          "private": "eyJlMmJmYjczMC1lY2FhLTExZTYtOGY4OC0zNDM2M2JjN2M0YzAiOnsiY3JlYXRlIjo2MDAwMDAwMDAwMCwiZGVsZXRlIjo2MDAwMDAwMDAwMCwidXBkYXRlIjo2MDAwMDAwMDAwMH19"
        }
      ]
    },
    {
      "mode": "managed",
      "type": "yandex_iam_service_account_static_access_key",
      "name": "sa-static-key",
      "provider": "provider[\"registry.terraform.io/yandex-cloud/yandex\"]",
      "instances": [
        {
          "schema_version": 0,
          "attributes": {
            "access_key": "YCAJEOPAIaVNIcDpKO-I4bMzp",
            "created_at": "2024-08-06T20:14:38Z",
            "description": "static access key for object storage",
            "encrypted_secret_key": null,
            "id": "ajetk598g4e0g4p0qv6b",
            "key_fingerprint": null,
            "pgp_key": null,
            "secret_key": "YCPCu8B7xRu8BGTBJkP20F_sLR4FEnflj_jPH8AM",
            "service_account_id": "aje1554c88g49stigtok"
          },
          "sensitive_attributes": [
            [
              {
                "type": "get_attr",
                "value": "secret_key"
              }
            ]
          ],
          "private": "bnVsbA==",
          "dependencies": [
            "yandex_iam_service_account.sa"
          ]
        }
      ]
    },
    {
      "mode": "managed",
      "type": "yandex_resourcemanager_folder_iam_member",
      "name": "sa-admin",
      "provider": "provider[\"registry.terraform.io/yandex-cloud/yandex\"]",
      "instances": [
        {
          "schema_version": 0,
          "attributes": {
            "folder_id": "b1ggvhbs15psoc1vgtkc",
            "id": "b1ggvhbs15psoc1vgtkc/storage.admin/serviceAccount:aje1554c88g49stigtok",
            "member": "serviceAccount:aje1554c88g49stigtok",
            "role": "storage.admin",
            "sleep_after": null,
            "timeouts": null
          },
          "sensitive_attributes": [],
          "private": "eyJlMmJmYjczMC1lY2FhLTExZTYtOGY4OC0zNDM2M2JjN2M0YzAiOnsiY3JlYXRlIjo2MDAwMDAwMDAwMCwiZGVmYXVsdCI6NjAwMDAwMDAwMDAsImRlbGV0ZSI6NjAwMDAwMDAwMDAsInJlYWQiOjYwMDAwMDAwMDAwLCJ1cGRhdGUiOjYwMDAwMDAwMDAwfX0=",
          "dependencies": [
            "yandex_iam_service_account.sa"
          ]
        }
      ]
    }
  ],
  "check_results": null
}
