{
  "version": 4,
  "terraform_version": "1.9.3",
  "serial": 28,
  "lineage": "4045d729-111b-3bda-8f23-12dfff955e0d",
  "outputs": {
    "external_ip_address_nat_instance": {
      "value": "89.169.128.157",
      "type": "string"
    },
    "internal_ip_address_test_vm": {
      "value": "192.168.20.4",
      "type": "string"
    }
  },
  "resources": [
    {
      "mode": "managed",
      "type": "yandex_compute_image",
      "name": "ubuntu-1804-lts",
      "provider": "provider[\"registry.terraform.io/yandex-cloud/yandex\"]",
      "instances": [
        {
          "schema_version": 0,
          "attributes": {
            "created_at": "2024-08-01T20:07:13Z",
            "description": "",
            "family": "",
            "folder_id": "b1ggvhbs15psoc1vgtkc",
            "id": "fd8bg3ja94a5nem0j3la",
            "labels": null,
            "min_disk_size": 3,
            "name": "",
            "os_type": null,
            "pooled": false,
            "product_ids": [
              "f2elo6bmk4obpfcog9ov"
            ],
            "size": 2,
            "source_disk": null,
            "source_family": "ubuntu-1804-lts",
            "source_image": null,
            "source_snapshot": null,
            "source_url": null,
            "status": "ready",
            "timeouts": null
          },
          "sensitive_attributes": [],
          "private": "eyJlMmJmYjczMC1lY2FhLTExZTYtOGY4OC0zNDM2M2JjN2M0YzAiOnsiY3JlYXRlIjozMDAwMDAwMDAwMDAsImRlbGV0ZSI6MzAwMDAwMDAwMDAwLCJ1cGRhdGUiOjMwMDAwMDAwMDAwMH19"
        }
      ]
    },
    {
      "mode": "managed",
      "type": "yandex_compute_instance",
      "name": "nat-instance",
      "provider": "provider[\"registry.terraform.io/yandex-cloud/yandex\"]",
      "instances": [
        {
          "schema_version": 1,
          "attributes": {
            "allow_recreate": null,
            "allow_stopping_for_update": null,
            "boot_disk": [
              {
                "auto_delete": true,
                "device_name": "fhmljho4rp1rger2mdv9",
                "disk_id": "fhmljho4rp1rger2mdv9",
                "initialize_params": [
                  {
                    "block_size": 4096,
                    "description": "",
                    "image_id": "fd80mrhj8fl2oe87o4e1",
                    "name": "",
                    "size": 3,
                    "snapshot_id": "",
                    "type": "network-hdd"
                  }
                ],
                "mode": "READ_WRITE"
              }
            ],
            "created_at": "2024-08-01T20:07:18Z",
            "description": "",
            "filesystem": [],
            "folder_id": "b1ggvhbs15psoc1vgtkc",
            "fqdn": "fhms2tqnrrh30c8u0mn9.auto.internal",
            "gpu_cluster_id": "",
            "hostname": "",
            "id": "fhms2tqnrrh30c8u0mn9",
            "labels": null,
            "local_disk": [],
            "maintenance_grace_period": "",
            "maintenance_policy": null,
            "metadata": {
              "user-data": "#cloud-config\nusers:\n  - name: alexnat\n    groups: sudo\n    shell: /bin/bash\n    sudo: ['ALL=(ALL) NOPASSWD:ALL']\n    ssh-authorized-keys:\n      - ssh-rsa AAAAB3NzaC1yc2EAAAADAQABAAABgQCoONMUmzaEMUgZHA7ddTONjvPkeJfy48UGFBpFd2G38jJPW58OatzNkasLLM3uoiXdTlnzmazGzpLnYJvRBrRnYKZ1jXjQuzrnD2FpSGophm3eq5qjEnDOK0wp+pZob8eQKCfsxhae/QNQA7UfSxU8G96Cz6OntPY6PJvNxsav/VhpgHtI5WoTiqG0wJ8q8tRtWcb7noHJ2IAxg441BvzYOxT59zvoyrI1Gb8gpDtHMzBHEim3rr/3r6MLrUHTqxlTeb4EtmAo4H3R024G47yapuqvYWj7RDbj/9ztPhQhnYmaIcZ+RcBll+YNn+GeIYpQfvVe0fEsDglAAFI8yDFsjPHXu203jTdQe8gIBero8QcvUUjjR63KBUvuTn0eoHJmvtroyHIftdnsuzRUz36XnnRjiwGdAOgaHMo5pieCen7fOySiorHFMc41naCkhi85QzBNBC12rwQerUaPgWnkiFQXLBrSWlQKU0KP80GqKSuM3Sd2yCFxoKi65FPQya0= alex@kube\n"
            },
            "metadata_options": [
              {
                "aws_v1_http_endpoint": 1,
                "aws_v1_http_token": 2,
                "gce_http_endpoint": 1,
                "gce_http_token": 1
              }
            ],
            "name": "nat-instance",
            "network_acceleration_type": "standard",
            "network_interface": [
              {
                "dns_record": [],
                "index": 0,
                "ip_address": "192.168.10.8",
                "ipv4": true,
                "ipv6": false,
                "ipv6_address": "",
                "ipv6_dns_record": [],
                "mac_address": "d0:0d:1c:17:75:7d",
                "nat": true,
                "nat_dns_record": [],
                "nat_ip_address": "89.169.128.157",
                "nat_ip_version": "IPV4",
                "security_group_ids": [
                  "enpvtp0r84l5lc2pqer9"
                ],
                "subnet_id": "e9bttuseod8k16okp1aj"
              }
            ],
            "placement_policy": [
              {
                "host_affinity_rules": [],
                "placement_group_id": "",
                "placement_group_partition": 0
              }
            ],
            "platform_id": "standard-v3",
            "resources": [
              {
                "core_fraction": 20,
                "cores": 2,
                "gpus": 0,
                "memory": 2
              }
            ],
            "scheduling_policy": [
              {
                "preemptible": false
              }
            ],
            "secondary_disk": [],
            "service_account_id": "",
            "status": "running",
            "timeouts": null,
            "zone": "ru-central1-a"
          },
          "sensitive_attributes": [],
          "private": "eyJlMmJmYjczMC1lY2FhLTExZTYtOGY4OC0zNDM2M2JjN2M0YzAiOnsiY3JlYXRlIjozMDAwMDAwMDAwMDAsImRlbGV0ZSI6MzAwMDAwMDAwMDAwLCJ1cGRhdGUiOjMwMDAwMDAwMDAwMH0sInNjaGVtYV92ZXJzaW9uIjoiMSJ9",
          "dependencies": [
            "yandex_vpc_network.my-vpc",
            "yandex_vpc_security_group.nat-instance-sg",
            "yandex_vpc_subnet.public"
          ]
        }
      ]
    },
    {
      "mode": "managed",
      "type": "yandex_compute_instance",
      "name": "test-vm",
      "provider": "provider[\"registry.terraform.io/yandex-cloud/yandex\"]",
      "instances": [
        {
          "schema_version": 1,
          "attributes": {
            "allow_recreate": null,
            "allow_stopping_for_update": null,
            "boot_disk": [
              {
                "auto_delete": true,
                "device_name": "fhm0qd21ajup8ik3snme",
                "disk_id": "fhm0qd21ajup8ik3snme",
                "initialize_params": [
                  {
                    "block_size": 4096,
                    "description": "",
                    "image_id": "fd8bg3ja94a5nem0j3la",
                    "name": "",
                    "size": 3,
                    "snapshot_id": "",
                    "type": "network-hdd"
                  }
                ],
                "mode": "READ_WRITE"
              }
            ],
            "created_at": "2024-08-01T20:08:31Z",
            "description": "",
            "filesystem": [],
            "folder_id": "b1ggvhbs15psoc1vgtkc",
            "fqdn": "fhmf26ivde4tejmd8iab.auto.internal",
            "gpu_cluster_id": "",
            "hostname": "",
            "id": "fhmf26ivde4tejmd8iab",
            "labels": null,
            "local_disk": [],
            "maintenance_grace_period": "",
            "maintenance_policy": null,
            "metadata": {
              "user-data": "#cloud-config\nusers:\n  - name: alex\n    groups: sudo\n    shell: /bin/bash\n    sudo: ['ALL=(ALL) NOPASSWD:ALL']\n    ssh-authorized-keys:\n      - ssh-rsa AAAAB3NzaC1yc2EAAAADAQABAAABgQCoONMUmzaEMUgZHA7ddTONjvPkeJfy48UGFBpFd2G38jJPW58OatzNkasLLM3uoiXdTlnzmazGzpLnYJvRBrRnYKZ1jXjQuzrnD2FpSGophm3eq5qjEnDOK0wp+pZob8eQKCfsxhae/QNQA7UfSxU8G96Cz6OntPY6PJvNxsav/VhpgHtI5WoTiqG0wJ8q8tRtWcb7noHJ2IAxg441BvzYOxT59zvoyrI1Gb8gpDtHMzBHEim3rr/3r6MLrUHTqxlTeb4EtmAo4H3R024G47yapuqvYWj7RDbj/9ztPhQhnYmaIcZ+RcBll+YNn+GeIYpQfvVe0fEsDglAAFI8yDFsjPHXu203jTdQe8gIBero8QcvUUjjR63KBUvuTn0eoHJmvtroyHIftdnsuzRUz36XnnRjiwGdAOgaHMo5pieCen7fOySiorHFMc41naCkhi85QzBNBC12rwQerUaPgWnkiFQXLBrSWlQKU0KP80GqKSuM3Sd2yCFxoKi65FPQya0= alex@kube\n"
            },
            "metadata_options": [
              {
                "aws_v1_http_endpoint": 1,
                "aws_v1_http_token": 2,
                "gce_http_endpoint": 1,
                "gce_http_token": 1
              }
            ],
            "name": "test-vm",
            "network_acceleration_type": "standard",
            "network_interface": [
              {
                "dns_record": [],
                "index": 0,
                "ip_address": "192.168.20.4",
                "ipv4": true,
                "ipv6": false,
                "ipv6_address": "",
                "ipv6_dns_record": [],
                "mac_address": "d0:0d:f1:1a:5f:6b",
                "nat": false,
                "nat_dns_record": [],
                "nat_ip_address": "",
                "nat_ip_version": "",
                "security_group_ids": [
                  "enpvtp0r84l5lc2pqer9"
                ],
                "subnet_id": "e9b8mvso6jqkl72p0gh1"
              }
            ],
            "placement_policy": [
              {
                "host_affinity_rules": [],
                "placement_group_id": "",
                "placement_group_partition": 0
              }
            ],
            "platform_id": "standard-v3",
            "resources": [
              {
                "core_fraction": 20,
                "cores": 2,
                "gpus": 0,
                "memory": 2
              }
            ],
            "scheduling_policy": [
              {
                "preemptible": false
              }
            ],
            "secondary_disk": [],
            "service_account_id": "",
            "status": "running",
            "timeouts": null,
            "zone": "ru-central1-a"
          },
          "sensitive_attributes": [],
          "private": "eyJlMmJmYjczMC1lY2FhLTExZTYtOGY4OC0zNDM2M2JjN2M0YzAiOnsiY3JlYXRlIjozMDAwMDAwMDAwMDAsImRlbGV0ZSI6MzAwMDAwMDAwMDAwLCJ1cGRhdGUiOjMwMDAwMDAwMDAwMH0sInNjaGVtYV92ZXJzaW9uIjoiMSJ9",
          "dependencies": [
            "yandex_compute_image.ubuntu-1804-lts",
            "yandex_compute_instance.nat-instance",
            "yandex_vpc_network.my-vpc",
            "yandex_vpc_route_table.nat-instance-route",
            "yandex_vpc_security_group.nat-instance-sg",
            "yandex_vpc_subnet.private",
            "yandex_vpc_subnet.public"
          ]
        }
      ]
    },
    {
      "mode": "managed",
      "type": "yandex_vpc_network",
      "name": "my-vpc",
      "provider": "provider[\"registry.terraform.io/yandex-cloud/yandex\"]",
      "instances": [
        {
          "schema_version": 0,
          "attributes": {
            "created_at": "2024-08-01T20:07:13Z",
            "default_security_group_id": "enp8nt2qd2rnud015jd3",
            "description": "",
            "folder_id": "b1ggvhbs15psoc1vgtkc",
            "id": "enprp9rquh67umnc0kp6",
            "labels": {},
            "name": "my-vpc",
            "subnet_ids": [],
            "timeouts": null
          },
          "sensitive_attributes": [],
          "private": "eyJlMmJmYjczMC1lY2FhLTExZTYtOGY4OC0zNDM2M2JjN2M0YzAiOnsiY3JlYXRlIjo2MDAwMDAwMDAwMCwiZGVsZXRlIjo2MDAwMDAwMDAwMCwidXBkYXRlIjo2MDAwMDAwMDAwMH19"
        }
      ]
    },
    {
      "mode": "managed",
      "type": "yandex_vpc_route_table",
      "name": "nat-instance-route",
      "provider": "provider[\"registry.terraform.io/yandex-cloud/yandex\"]",
      "instances": [
        {
          "schema_version": 0,
          "attributes": {
            "created_at": "2024-08-01T20:08:29Z",
            "description": "",
            "folder_id": "b1ggvhbs15psoc1vgtkc",
            "id": "enpjt5ogfqocbch0g917",
            "labels": {},
            "name": "nat-instance-route",
            "network_id": "enprp9rquh67umnc0kp6",
            "static_route": [
              {
                "destination_prefix": "0.0.0.0/0",
                "gateway_id": "",
                "next_hop_address": "192.168.10.8"
              }
            ],
            "timeouts": null
          },
          "sensitive_attributes": [],
          "private": "eyJlMmJmYjczMC1lY2FhLTExZTYtOGY4OC0zNDM2M2JjN2M0YzAiOnsiY3JlYXRlIjoxODAwMDAwMDAwMDAsImRlbGV0ZSI6MTgwMDAwMDAwMDAwLCJ1cGRhdGUiOjE4MDAwMDAwMDAwMH19",
          "dependencies": [
            "yandex_compute_instance.nat-instance",
            "yandex_vpc_network.my-vpc",
            "yandex_vpc_security_group.nat-instance-sg",
            "yandex_vpc_subnet.public"
          ]
        }
      ]
    },
    {
      "mode": "managed",
      "type": "yandex_vpc_security_group",
      "name": "nat-instance-sg",
      "provider": "provider[\"registry.terraform.io/yandex-cloud/yandex\"]",
      "instances": [
        {
          "schema_version": 0,
          "attributes": {
            "created_at": "2024-08-01T20:07:17Z",
            "description": "",
            "egress": [
              {
                "description": "any",
                "from_port": -1,
                "id": "enplk96jv8pvnump2vu3",
                "labels": {},
                "port": -1,
                "predefined_target": "",
                "protocol": "ANY",
                "security_group_id": "",
                "to_port": -1,
                "v4_cidr_blocks": [
                  "0.0.0.0/0"
                ],
                "v6_cidr_blocks": []
              }
            ],
            "folder_id": "b1ggvhbs15psoc1vgtkc",
            "id": "enpvtp0r84l5lc2pqer9",
            "ingress": [
              {
                "description": "ext-http",
                "from_port": -1,
                "id": "enp1s8r4oju094nuoj96",
                "labels": {},
                "port": 80,
                "predefined_target": "",
                "protocol": "TCP",
                "security_group_id": "",
                "to_port": -1,
                "v4_cidr_blocks": [
                  "0.0.0.0/0"
                ],
                "v6_cidr_blocks": []
              },
              {
                "description": "ext-https",
                "from_port": -1,
                "id": "enpp8q8tkbnlclr4qnqa",
                "labels": {},
                "port": 443,
                "predefined_target": "",
                "protocol": "TCP",
                "security_group_id": "",
                "to_port": -1,
                "v4_cidr_blocks": [
                  "0.0.0.0/0"
                ],
                "v6_cidr_blocks": []
              },
              {
                "description": "ssh",
                "from_port": -1,
                "id": "enp1mqu6menb7l2aj74c",
                "labels": {},
                "port": 22,
                "predefined_target": "",
                "protocol": "TCP",
                "security_group_id": "",
                "to_port": -1,
                "v4_cidr_blocks": [
                  "0.0.0.0/0"
                ],
                "v6_cidr_blocks": []
              }
            ],
            "labels": {},
            "name": "nat-instance-sg",
            "network_id": "enprp9rquh67umnc0kp6",
            "status": "ACTIVE",
            "timeouts": null
          },
          "sensitive_attributes": [],
          "private": "eyJlMmJmYjczMC1lY2FhLTExZTYtOGY4OC0zNDM2M2JjN2M0YzAiOnsiY3JlYXRlIjoxODAwMDAwMDAwMDAsImRlbGV0ZSI6MTgwMDAwMDAwMDAwLCJ1cGRhdGUiOjE4MDAwMDAwMDAwMH19",
          "dependencies": [
            "yandex_vpc_network.my-vpc"
          ]
        }
      ]
    },
    {
      "mode": "managed",
      "type": "yandex_vpc_subnet",
      "name": "private",
      "provider": "provider[\"registry.terraform.io/yandex-cloud/yandex\"]",
      "instances": [
        {
          "schema_version": 0,
          "attributes": {
            "created_at": "2024-08-01T20:08:30Z",
            "description": "",
            "dhcp_options": [],
            "folder_id": "b1ggvhbs15psoc1vgtkc",
            "id": "e9b8mvso6jqkl72p0gh1",
            "labels": {},
            "name": "private",
            "network_id": "enprp9rquh67umnc0kp6",
            "route_table_id": "enpjt5ogfqocbch0g917",
            "timeouts": null,
            "v4_cidr_blocks": [
              "192.168.20.0/24"
            ],
            "v6_cidr_blocks": [],
            "zone": "ru-central1-a"
          },
          "sensitive_attributes": [],
          "private": "eyJlMmJmYjczMC1lY2FhLTExZTYtOGY4OC0zNDM2M2JjN2M0YzAiOnsiY3JlYXRlIjoxODAwMDAwMDAwMDAsImRlbGV0ZSI6MTgwMDAwMDAwMDAwLCJ1cGRhdGUiOjE4MDAwMDAwMDAwMH19",
          "dependencies": [
            "yandex_compute_instance.nat-instance",
            "yandex_vpc_network.my-vpc",
            "yandex_vpc_route_table.nat-instance-route",
            "yandex_vpc_security_group.nat-instance-sg",
            "yandex_vpc_subnet.public"
          ]
        }
      ]
    },
    {
      "mode": "managed",
      "type": "yandex_vpc_subnet",
      "name": "public",
      "provider": "provider[\"registry.terraform.io/yandex-cloud/yandex\"]",
      "instances": [
        {
          "schema_version": 0,
          "attributes": {
            "created_at": "2024-08-01T20:07:15Z",
            "description": "",
            "dhcp_options": [],
            "folder_id": "b1ggvhbs15psoc1vgtkc",
            "id": "e9bttuseod8k16okp1aj",
            "labels": {},
            "name": "public",
            "network_id": "enprp9rquh67umnc0kp6",
            "route_table_id": "",
            "timeouts": null,
            "v4_cidr_blocks": [
              "192.168.10.0/24"
            ],
            "v6_cidr_blocks": [],
            "zone": "ru-central1-a"
          },
          "sensitive_attributes": [],
          "private": "eyJlMmJmYjczMC1lY2FhLTExZTYtOGY4OC0zNDM2M2JjN2M0YzAiOnsiY3JlYXRlIjoxODAwMDAwMDAwMDAsImRlbGV0ZSI6MTgwMDAwMDAwMDAwLCJ1cGRhdGUiOjE4MDAwMDAwMDAwMH19",
          "dependencies": [
            "yandex_vpc_network.my-vpc"
          ]
        }
      ]
    }
  ],
  "check_results": null
}
